{
  "name": "hd-webpack-plugin",
  "version": "0.0.4",
  "lockfileVersion": 1,
  "requires": true,
  "dependencies": {
    "lodash": {
      "version": "4.17.5",
      "resolved": "http://registry.npm.dooioo.cn/lodash/-/lodash-4.17.5.tgz",
      "integrity": "sha1-maktZcAnLevoyWtgV7yPv6O+1RE=",
      "dev": true
    }
  }
}
